// !$*UTF8*$!
{
	archiveVersion = 1;
	classes = {
	};
	objectVersion = 50;
	objects = {

/* Begin PBXBuildFile section */
		A7F390B6211EDD0500E3AD0A /* AppDelegate.swift in Sources */ = {isa = PBXBuildFile; fileRef = A7F390B5211EDD0500E3AD0A /* AppDelegate.swift */; };
		A7F390B8211EDD0500E3AD0A /* ViewController.swift in Sources */ = {isa = PBXBuildFile; fileRef = A7F390B7211EDD0500E3AD0A /* ViewController.swift */; };
		A7F390BB211EDD0500E3AD0A /* Main.storyboard in Resources */ = {isa = PBXBuildFile; fileRef = A7F390B9211EDD0500E3AD0A /* Main.storyboard */; };
		A7F390BD211EDD0E00E3AD0A /* Assets.xcassets in Resources */ = {isa = PBXBuildFile; fileRef = A7F390BC211EDD0E00E3AD0A /* Assets.xcassets */; };
		A7F390C0211EDD0E00E3AD0A /* LaunchScreen.storyboard in Resources */ = {isa = PBXBuildFile; fileRef = A7F390BE211EDD0E00E3AD0A /* LaunchScreen.storyboard */; };
		A7F390CB211EDD0F00E3AD0A /* _________Tests.swift in Sources */ = {isa = PBXBuildFile; fileRef = A7F390CA211EDD0F00E3AD0A /* _________Tests.swift */; };
		A7F390D6211EDD0F00E3AD0A /* _________UITests.swift in Sources */ = {isa = PBXBuildFile; fileRef = A7F390D5211EDD0F00E3AD0A /* _________UITests.swift */; };
/* End PBXBuildFile section */

/* Begin PBXContainerItemProxy section */
		A7F390C7211EDD0F00E3AD0A /* PBXContainerItemProxy */ = {
			isa = PBXContainerItemProxy;
			containerPortal = A7F390AA211EDD0500E3AD0A /* Project object */;
			proxyType = 1;
			remoteGlobalIDString = A7F390B1211EDD0500E3AD0A;
			remoteInfo = "选择排序和冒泡排序";
		};
		A7F390D2211EDD0F00E3AD0A /* PBXContainerItemProxy */ = {
			isa = PBXContainerItemProxy;
			containerPortal = A7F390AA211EDD0500E3AD0A /* Project object */;
			proxyType = 1;
			remoteGlobalIDString = A7F390B1211EDD0500E3AD0A;
			remoteInfo = "选择排序和冒泡排序";
		};
/* End PBXContainerItemProxy section */

/* Begin PBXFileReference section */
		A7F390B2211EDD0500E3AD0A /* 选择排序和冒泡排序.app */ = {isa = PBXFileReference; explicitFileType = wrapper.application; includeInIndex = 0; path = "选择排序和冒泡排序.app"; sourceTree = BUILT_PRODUCTS_DIR; };
		A7F390B5211EDD0500E3AD0A /* AppDelegate.swift */ = {isa = PBXFileReference; lastKnownFileType = sourcecode.swift; path = AppDelegate.swift; sourceTree = "<group>"; };
		A7F390B7211EDD0500E3AD0A /* ViewController.swift */ = {isa = PBXFileReference; lastKnownFileType = sourcecode.swift; path = ViewController.swift; sourceTree = "<group>"; };
		A7F390BA211EDD0500E3AD0A /* Base */ = {isa = PBXFileReference; lastKnownFileType = file.storyboard; name = Base; path = Base.lproj/Main.storyboard; sourceTree = "<group>"; };
		A7F390BC211EDD0E00E3AD0A /* Assets.xcassets */ = {isa = PBXFileReference; lastKnownFileType = folder.assetcatalog; path = Assets.xcassets; sourceTree = "<group>"; };
		A7F390BF211EDD0E00E3AD0A /* Base */ = {isa = PBXFileReference; lastKnownFileType = file.storyboard; name = Base; path = Base.lproj/LaunchScreen.storyboard; sourceTree = "<group>"; };
		A7F390C1211EDD0F00E3AD0A /* Info.plist */ = {isa = PBXFileReference; lastKnownFileType = text.plist.xml; path = Info.plist; sourceTree = "<group>"; };
		A7F390C6211EDD0F00E3AD0A /* 选择排序和冒泡排序Tests.xctest */ = {isa = PBXFileReference; explicitFileType = wrapper.cfbundle; includeInIndex = 0; path = "选择排序和冒泡排序Tests.xctest"; sourceTree = BUILT_PRODUCTS_DIR; };
		A7F390CA211EDD0F00E3AD0A /* _________Tests.swift */ = {isa = PBXFileReference; lastKnownFileType = sourcecode.swift; path = "_________Tests.swift"; sourceTree = "<group>"; };
		A7F390CC211EDD0F00E3AD0A /* Info.plist */ = {isa = PBXFileReference; lastKnownFileType = text.plist.xml; path = Info.plist; sourceTree = "<group>"; };
		A7F390D1211EDD0F00E3AD0A /* 选择排序和冒泡排序UITests.xctest */ = {isa = PBXFileReference; explicitFileType = wrapper.cfbundle; includeInIndex = 0; path = "选择排序和冒泡排序UITests.xctest"; sourceTree = BUILT_PRODUCTS_DIR; };
		A7F390D5211EDD0F00E3AD0A /* _________UITests.swift */ = {isa = PBXFileReference; lastKnownFileType = sourcecode.swift; path = "_________UITests.swift"; sourceTree = "<group>"; };
		A7F390D7211EDD0F00E3AD0A /* Info.plist */ = {isa = PBXFileReference; lastKnownFileType = text.plist.xml; path = Info.plist; sourceTree = "<group>"; };
/* End PBXFileReference section */

/* Begin PBXFrameworksBuildPhase section */
		A7F390AF211EDD0500E3AD0A /* Frameworks */ = {
			isa = PBXFrameworksBuildPhase;
			buildActionMask = 2147483647;
			files = (
			);
			runOnlyForDeploymentPostprocessing = 0;
		};
		A7F390C3211EDD0F00E3AD0A /* Frameworks */ = {
			isa = PBXFrameworksBuildPhase;
			buildActionMask = 2147483647;
			files = (
			);
			runOnlyForDeploymentPostprocessing = 0;
		};
		A7F390CE211EDD0F00E3AD0A /* Frameworks */ = {
			isa = PBXFrameworksBuildPhase;
			buildActionMask = 2147483647;
			files = (
			);
			runOnlyForDeploymentPostprocessing = 0;
		};
/* End PBXFrameworksBuildPhase section */

/* Begin PBXGroup section */
		A7F390A9211EDD0500E3AD0A = {
			isa = PBXGroup;
			children = (
				A7F390B4211EDD0500E3AD0A /* 选择排序和冒泡排序 */,
				A7F390C9211EDD0F00E3AD0A /* 选择排序和冒泡排序Tests */,
				A7F390D4211EDD0F00E3AD0A /* 选择排序和冒泡排序UITests */,
				A7F390B3211EDD0500E3AD0A /* Products */,
			);
			sourceTree = "<group>";
		};
		A7F390B3211EDD0500E3AD0A /* Products */ = {
			isa = PBXGroup;
			children = (
				A7F390B2211EDD0500E3AD0A /* 选择排序和冒泡排序.app */,
				A7F390C6211EDD0F00E3AD0A /* 选择排序和冒泡排序Tests.xctest */,
				A7F390D1211EDD0F00E3AD0A /* 选择排序和冒泡排序UITests.xctest */,
			);
			name = Products;
			sourceTree = "<group>";
		};
		A7F390B4211EDD0500E3AD0A /* 选择排序和冒泡排序 */ = {
			isa = PBXGroup;
			children = (
				A7F390B5211EDD0500E3AD0A /* AppDelegate.swift */,
				A7F390B7211EDD0500E3AD0A /* ViewController.swift */,
				A7F390B9211EDD0500E3AD0A /* Main.storyboard */,
				A7F390BC211EDD0E00E3AD0A /* Assets.xcassets */,
				A7F390BE211EDD0E00E3AD0A /* LaunchScreen.storyboard */,
				A7F390C1211EDD0F00E3AD0A /* Info.plist */,
			);
			path = "选择排序和冒泡排序";
			sourceTree = "<group>";
		};
		A7F390C9211EDD0F00E3AD0A /* 选择排序和冒泡排序Tests */ = {
			isa = PBXGroup;
			children = (
				A7F390CA211EDD0F00E3AD0A /* _________Tests.swift */,
				A7F390CC211EDD0F00E3AD0A /* Info.plist */,
			);
			path = "选择排序和冒泡排序Tests";
			sourceTree = "<group>";
		};
		A7F390D4211EDD0F00E3AD0A /* 选择排序和冒泡排序UITests */ = {
			isa = PBXGroup;
			children = (
				A7F390D5211EDD0F00E3AD0A /* _________UITests.swift */,
				A7F390D7211EDD0F00E3AD0A /* Info.plist */,
			);
			path = "选择排序和冒泡排序UITests";
			sourceTree = "<group>";
		};
/* End PBXGroup section */

/* Begin PBXNativeTarget section */
		A7F390B1211EDD0500E3AD0A /* 选择排序和冒泡排序 */ = {
			isa = PBXNativeTarget;
			buildConfigurationList = A7F390DA211EDD0F00E3AD0A /* Build configuration list for PBXNativeTarget "选择排序和冒泡排序" */;
			buildPhases = (
				A7F390AE211EDD0500E3AD0A /* Sources */,
				A7F390AF211EDD0500E3AD0A /* Frameworks */,
				A7F390B0211EDD0500E3AD0A /* Resources */,
			);
			buildRules = (
			);
			dependencies = (
			);
			name = "选择排序和冒泡排序";
			productName = "选择排序和冒泡排序";
			productReference = A7F390B2211EDD0500E3AD0A /* 选择排序和冒泡排序.app */;
			productType = "com.apple.product-type.application";
		};
		A7F390C5211EDD0F00E3AD0A /* 选择排序和冒泡排序Tests */ = {
			isa = PBXNativeTarget;
			buildConfigurationList = A7F390DD211EDD0F00E3AD0A /* Build configuration list for PBXNativeTarget "选择排序和冒泡排序Tests" */;
			buildPhases = (
				A7F390C2211EDD0F00E3AD0A /* Sources */,
				A7F390C3211EDD0F00E3AD0A /* Frameworks */,
				A7F390C4211EDD0F00E3AD0A /* Resources */,
			);
			buildRules = (
			);
			dependencies = (
				A7F390C8211EDD0F00E3AD0A /* PBXTargetDependency */,
			);
			name = "选择排序和冒泡排序Tests";
			productName = "选择排序和冒泡排序Tests";
			productReference = A7F390C6211EDD0F00E3AD0A /* 选择排序和冒泡排序Tests.xctest */;
			productType = "com.apple.product-type.bundle.unit-test";
		};
		A7F390D0211EDD0F00E3AD0A /* 选择排序和冒泡排序UITests */ = {
			isa = PBXNativeTarget;
			buildConfigurationList = A7F390E0211EDD0F00E3AD0A /* Build configuration list for PBXNativeTarget "选择排序和冒泡排序UITests" */;
			buildPhases = (
				A7F390CD211EDD0F00E3AD0A /* Sources */,
				A7F390CE211EDD0F00E3AD0A /* Frameworks */,
				A7F390CF211EDD0F00E3AD0A /* Resources */,
			);
			buildRules = (
			);
			dependencies = (
				A7F390D3211EDD0F00E3AD0A /* PBXTargetDependency */,
			);
			name = "选择排序和冒泡排序UITests";
			productName = "选择排序和冒泡排序UITests";
			productReference = A7F390D1211EDD0F00E3AD0A /* 选择排序和冒泡排序UITests.xctest */;
			productType = "com.apple.product-type.bundle.ui-testing";
		};
/* End PBXNativeTarget section */

/* Begin PBXProject section */
		A7F390AA211EDD0500E3AD0A /* Project object */ = {
			isa = PBXProject;
			attributes = {
				LastSwiftUpdateCheck = 0940;
				LastUpgradeCheck = 0940;
				ORGANIZATIONNAME = liubang;
				TargetAttributes = {
					A7F390B1211EDD0500E3AD0A = {
						CreatedOnToolsVersion = 9.4.1;
					};
					A7F390C5211EDD0F00E3AD0A = {
						CreatedOnToolsVersion = 9.4.1;
						TestTargetID = A7F390B1211EDD0500E3AD0A;
					};
					A7F390D0211EDD0F00E3AD0A = {
						CreatedOnToolsVersion = 9.4.1;
						TestTargetID = A7F390B1211EDD0500E3AD0A;
					};
				};
			};
			buildConfigurationList = A7F390AD211EDD0500E3AD0A /* Build configuration list for PBXProject "选择排序和冒泡排序" */;
			compatibilityVersion = "Xcode 9.3";
			developmentRegion = en;
			hasScannedForEncodings = 0;
			knownRegions = (
				en,
				Base,
			);
			mainGroup = A7F390A9211EDD0500E3AD0A;
			productRefGroup = A7F390B3211EDD0500E3AD0A /* Products */;
			projectDirPath = "";
			projectRoot = "";
			targets = (
				A7F390B1211EDD0500E3AD0A /* 选择排序和冒泡排序 */,
				A7F390C5211EDD0F00E3AD0A /* 选择排序和冒泡排序Tests */,
				A7F390D0211EDD0F00E3AD0A /* 选择排序和冒泡排序UITests */,
			);
		};
/* End PBXProject section */

/* Begin PBXResourcesBuildPhase section */
		A7F390B0211EDD0500E3AD0A /* Resources */ = {
			isa = PBXResourcesBuildPhase;
			buildActionMask = 2147483647;
			files = (
				A7F390C0211EDD0E00E3AD0A /* LaunchScreen.storyboard in Resources */,
				A7F390BD211EDD0E00E3AD0A /* Assets.xcassets in Resources */,
				A7F390BB211EDD0500E3AD0A /* Main.storyboard in Resources */,
			);
			runOnlyForDeploymentPostprocessing = 0;
		};
		A7F390C4211EDD0F00E3AD0A /* Resources */ = {
			isa = PBXResourcesBuildPhase;
			buildActionMask = 2147483647;
			files = (
			);
			runOnlyForDeploymentPostprocessing = 0;
		};
		A7F390CF211EDD0F00E3AD0A /* Resources */ = {
			isa = PBXResourcesBuildPhase;
			buildActionMask = 2147483647;
			files = (
			);
			runOnlyForDeploymentPostprocessing = 0;
		};
/* End PBXResourcesBuildPhase section */

/* Begin PBXSourcesBuildPhase section */
		A7F390AE211EDD0500E3AD0A /* Sources */ = {
			isa = PBXSourcesBuildPhase;
			buildActionMask = 2147483647;
			files = (
				A7F390B8211EDD0500E3AD0A /* ViewController.swift in Sources */,
				A7F390B6211EDD0500E3AD0A /* AppDelegate.swift in Sources */,
			);
			runOnlyForDeploymentPostprocessing = 0;
		};
		A7F390C2211EDD0F00E3AD0A /* Sources */ = {
			isa = PBXSourcesBuildPhase;
			buildActionMask = 2147483647;
			files = (
				A7F390CB211EDD0F00E3AD0A /* _________Tests.swift in Sources */,
			);
			runOnlyForDeploymentPostprocessing = 0;
		};
		A7F390CD211EDD0F00E3AD0A /* Sources */ = {
			isa = PBXSourcesBuildPhase;
			buildActionMask = 2147483647;
			files = (
				A7F390D6211EDD0F00E3AD0A /* _________UITests.swift in Sources */,
			);
			runOnlyForDeploymentPostprocessing = 0;
		};
/* End PBXSourcesBuildPhase section */

/* Begin PBXTargetDependency section */
		A7F390C8211EDD0F00E3AD0A /* PBXTargetDependency */ = {
			isa = PBXTargetDependency;
			target = A7F390B1211EDD0500E3AD0A /* 选择排序和冒泡排序 */;
			targetProxy = A7F390C7211EDD0F00E3AD0A /* PBXContainerItemProxy */;
		};
		A7F390D3211EDD0F00E3AD0A /* PBXTargetDependency */ = {
			isa = PBXTargetDependency;
			target = A7F390B1211EDD0500E3AD0A /* 选择排序和冒泡排序 */;
			targetProxy = A7F390D2211EDD0F00E3AD0A /* PBXContainerItemProxy */;
		};
/* End PBXTargetDependency section */

/* Begin PBXVariantGroup section */
		A7F390B9211EDD0500E3AD0A /* Main.storyboard */ = {
			isa = PBXVariantGroup;
			children = (
				A7F390BA211EDD0500E3AD0A /* Base */,
			);
			name = Main.storyboard;
			sourceTree = "<group>";
		};
		A7F390BE211EDD0E00E3AD0A /* LaunchScreen.storyboard */ = {
			isa = PBXVariantGroup;
			children = (
				A7F390BF211EDD0E00E3AD0A /* Base */,
			);
			name = LaunchScreen.storyboard;
			sourceTree = "<group>";
		};
/* End PBXVariantGroup section */

/* Begin XCBuildConfiguration section */
		A7F390D8211EDD0F00E3AD0A /* Debug */ = {
			isa = XCBuildConfiguration;
			buildSettings = {
				ALWAYS_SEARCH_USER_PATHS = NO;
				CLANG_ANALYZER_NONNULL = YES;
				CLANG_ANALYZER_NUMBER_OBJECT_CONVERSION = YES_AGGRESSIVE;
				CLANG_CXX_LANGUAGE_STANDARD = "gnu++14";
				CLANG_CXX_LIBRARY = "libc++";
				CLANG_ENABLE_MODULES = YES;
				CLANG_ENABLE_OBJC_ARC = YES;
				CLANG_ENABLE_OBJC_WEAK = YES;
				CLANG_WARN_BLOCK_CAPTURE_AUTORELEASING = YES;
				CLANG_WARN_BOOL_CONVERSION = YES;
				CLANG_WARN_COMMA = YES;
				CLANG_WARN_CONSTANT_CONVERSION = YES;
				CLANG_WARN_DEPRECATED_OBJC_IMPLEMENTATIONS = YES;
				CLANG_WARN_DIRECT_OBJC_ISA_USAGE = YES_ERROR;
				CLANG_WARN_DOCUMENTATION_COMMENTS = YES;
				CLANG_WARN_EMPTY_BODY = YES;
				CLANG_WARN_ENUM_CONVERSION = YES;
				CLANG_WARN_INFINITE_RECURSION = YES;
				CLANG_WARN_INT_CONVERSION = YES;
				CLANG_WARN_NON_LITERAL_NULL_CONVERSION = YES;
				CLANG_WARN_OBJC_IMPLICIT_RETAIN_SELF = YES;
				CLANG_WARN_OBJC_LITERAL_CONVERSION = YES;
				CLANG_WARN_OBJC_ROOT_CLASS = YES_ERROR;
				CLANG_WARN_RANGE_LOOP_ANALYSIS = YES;
				CLANG_WARN_STRICT_PROTOTYPES = YES;
				CLANG_WARN_SUSPICIOUS_MOVE = YES;
				CLANG_WARN_UNGUARDED_AVAILABILITY = YES_AGGRESSIVE;
				CLANG_WARN_UNREACHABLE_CODE = YES;
				CLANG_WARN__DUPLICATE_METHOD_MATCH = YES;
				CODE_SIGN_IDENTITY = "iPhone Developer";
				COPY_PHASE_STRIP = NO;
				DEBUG_INFORMATION_FORMAT = dwarf;
				ENABLE_STRICT_OBJC_MSGSEND = YES;
				ENABLE_TESTABILITY = YES;
				GCC_C_LANGUAGE_STANDARD = gnu11;
				GCC_DYNAMIC_NO_PIC = NO;
				GCC_NO_COMMON_BLOCKS = YES;
				GCC_OPTIMIZATION_LEVEL = 0;
				GCC_PREPROCESSOR_DEFINITIONS = (
					"DEBUG=1",
					"$(inherited)",
				);
				GCC_WARN_64_TO_32_BIT_CONVERSION = YES;
				GCC_WARN_ABOUT_RETURN_TYPE = YES_ERROR;
				GCC_WARN_UNDECLARED_SELECTOR = YES;
				GCC_WARN_UNINITIALIZED_AUTOS = YES_AGGRESSIVE;
				GCC_WARN_UNUSED_FUNCTION = YES;
				GCC_WARN_UNUSED_VARIABLE = YES;
				IPHONEOS_DEPLOYMENT_TARGET = 11.4;
				MTL_ENABLE_DEBUG_INFO = YES;
				ONLY_ACTIVE_ARCH = YES;
				SDKROOT = iphoneos;
				SWIFT_ACTIVE_COMPILATION_CONDITIONS = DEBUG;
				SWIFT_OPTIMIZATION_LEVEL = "-Onone";
			};
			name = Debug;
		};
		A7F390D9211EDD0F00E3AD0A /* Release */ = {
			isa = XCBuildConfiguration;
			buildSettings = {
				ALWAYS_SEARCH_USER_PATHS = NO;
				CLANG_ANALYZER_NONNULL = YES;
				CLANG_ANALYZER_NUMBER_OBJECT_CONVERSION = YES_AGGRESSIVE;
				CLANG_CXX_LANGUAGE_STANDARD = "gnu++14";
				CLANG_CXX_LIBRARY = "libc++";
				CLANG_ENABLE_MODULES = YES;
				CLANG_ENABLE_OBJC_ARC = YES;
				CLANG_ENABLE_OBJC_WEAK = YES;
				CLANG_WARN_BLOCK_CAPTURE_AUTORELEASING = YES;
				CLANG_WARN_BOOL_CONVERSION = YES;
				CLANG_WARN_COMMA = YES;
				CLANG_WARN_CONSTANT_CONVERSION = YES;
				CLANG_WARN_DEPRECATED_OBJC_IMPLEMENTATIONS = YES;
				CLANG_WARN_DIRECT_OBJC_ISA_USAGE = YES_ERROR;
				CLANG_WARN_DOCUMENTATION_COMMENTS = YES;
				CLANG_WARN_EMPTY_BODY = YES;
				CLANG_WARN_ENUM_CONVERSION = YES;
				CLANG_WARN_INFINITE_RECURSION = YES;
				CLANG_WARN_INT_CONVERSION = YES;
				CLANG_WARN_NON_LITERAL_NULL_CONVERSION = YES;
				CLANG_WARN_OBJC_IMPLICIT_RETAIN_SELF = YES;
				CLANG_WARN_OBJC_LITERAL_CONVERSION = YES;
				CLANG_WARN_OBJC_ROOT_CLASS = YES_ERROR;
				CLANG_WARN_RANGE_LOOP_ANALYSIS = YES;
				CLANG_WARN_STRICT_PROTOTYPES = YES;
				CLANG_WARN_SUSPICIOUS_MOVE = YES;
				CLANG_WARN_UNGUARDED_AVAILABILITY = YES_AGGRESSIVE;
				CLANG_WARN_UNREACHABLE_CODE = YES;
				CLANG_WARN__DUPLICATE_METHOD_MATCH = YES;
				CODE_SIGN_IDENTITY = "iPhone Developer";
				COPY_PHASE_STRIP = NO;
				DEBUG_INFORMATION_FORMAT = "dwarf-with-dsym";
				ENABLE_NS_ASSERTIONS = NO;
				ENABLE_STRICT_OBJC_MSGSEND = YES;
				GCC_C_LANGUAGE_STANDARD = gnu11;
				GCC_NO_COMMON_BLOCKS = YES;
				GCC_WARN_64_TO_32_BIT_CONVERSION = YES;
				GCC_WARN_ABOUT_RETURN_TYPE = YES_ERROR;
				GCC_WARN_UNDECLARED_SELECTOR = YES;
				GCC_WARN_UNINITIALIZED_AUTOS = YES_AGGRESSIVE;
				GCC_WARN_UNUSED_FUNCTION = YES;
				GCC_WARN_UNUSED_VARIABLE = YES;
				IPHONEOS_DEPLOYMENT_TARGET = 11.4;
				MTL_ENABLE_DEBUG_INFO = NO;
				SDKROOT = iphoneos;
				SWIFT_COMPILATION_MODE = wholemodule;
				SWIFT_OPTIMIZATION_LEVEL = "-O";
				VALIDATE_PRODUCT = YES;
			};
			name = Release;
		};
		A7F390DB211EDD0F00E3AD0A /* Debug */ = {
			isa = XCBuildConfiguration;
			buildSettings = {
				ASSETCATALOG_COMPILER_APPICON_NAME = AppIcon;
				CODE_SIGN_STYLE = Automatic;
				DEVELOPMENT_TEAM = 7HJ4JEE2L9;
				INFOPLIST_FILE = "选择排序和冒泡排序/Info.plist";
				LD_RUNPATH_SEARCH_PATHS = (
					"$(inherited)",
					"@executable_path/Frameworks",
				);
				PRODUCT_BUNDLE_IDENTIFIER = "com.www.baimi.---------";
				PRODUCT_NAME = "$(TARGET_NAME)";
				SWIFT_VERSION = 4.0;
				TARGETED_DEVICE_FAMILY = "1,2";
			};
			name = Debug;
		};
		A7F390DC211EDD0F00E3AD0A /* Release */ = {
			isa = XCBuildConfiguration;
			buildSettings = {
				ASSETCATALOG_COMPILER_APPICON_NAME = AppIcon;
				CODE_SIGN_STYLE = Automatic;
				DEVELOPMENT_TEAM = 7HJ4JEE2L9;
				INFOPLIST_FILE = "选择排序和冒泡排序/Info.plist";
				LD_RUNPATH_SEARCH_PATHS = (
					"$(inherited)",
					"@executable_path/Frameworks",
				);
				PRODUCT_BUNDLE_IDENTIFIER = "com.www.baimi.---------";
				PRODUCT_NAME = "$(TARGET_NAME)";
				SWIFT_VERSION = 4.0;
				TARGETED_DEVICE_FAMILY = "1,2";
			};
			name = Release;
		};
		A7F390DE211EDD0F00E3AD0A /* Debug */ = {
			isa = XCBuildConfiguration;
			buildSettings = {
				ALWAYS_EMBED_SWIFT_STANDARD_LIBRARIES = YES;
				BUNDLE_LOADER = "$(TEST_HOST)";
				CODE_SIGN_STYLE = Automatic;
				DEVELOPMENT_TEAM = 7HJ4JEE2L9;
				INFOPLIST_FILE = "选择排序和冒泡排序Tests/Info.plist";
				LD_RUNPATH_SEARCH_PATHS = (
					"$(inherited)",
					"@executable_path/Frameworks",
					"@loader_path/Frameworks",
				);
				PRODUCT_BUNDLE_IDENTIFIER = "com.www.baimi.---------Tests";
				PRODUCT_NAME = "$(TARGET_NAME)";
				SWIFT_VERSION = 4.0;
				TARGETED_DEVICE_FAMILY = "1,2";
				TEST_HOST = "$(BUILT_PRODUCTS_DIR)/选择排序和冒泡排序.app/选择排序和冒泡排序";
			};
			name = Debug;
		};
		A7F390DF211EDD0F00E3AD0A /* Release */ = {
			isa = XCBuildConfiguration;
			buildSettings = {
				ALWAYS_EMBED_SWIFT_STANDARD_LIBRARIES = YES;
				BUNDLE_LOADER = "$(TEST_HOST)";
				CODE_SIGN_STYLE = Automatic;
				DEVELOPMENT_TEAM = 7HJ4JEE2L9;
				INFOPLIST_FILE = "选择排序和冒泡排序Tests/Info.plist";
				LD_RUNPATH_SEARCH_PATHS = (
					"$(inherited)",
					"@executable_path/Frameworks",
					"@loader_path/Frameworks",
				);
				PRODUCT_BUNDLE_IDENTIFIER = "com.www.baimi.---------Tests";
				PRODUCT_NAME = "$(TARGET_NAME)";
				SWIFT_VERSION = 4.0;
				TARGETED_DEVICE_FAMILY = "1,2";
				TEST_HOST = "$(BUILT_PRODUCTS_DIR)/选择排序和冒泡排序.app/选择排序和冒泡排序";
			};
			name = Release;
		};
		A7F390E1211EDD0F00E3AD0A /* Debug */ = {
			isa = XCBuildConfiguration;
			buildSettings = {
				ALWAYS_EMBED_SWIFT_STANDARD_LIBRARIES = YES;
				CODE_SIGN_STYLE = Automatic;
				DEVELOPMENT_TEAM = 7HJ4JEE2L9;
				INFOPLIST_FILE = "选择排序和冒泡排序UITests/Info.plist";
				LD_RUNPATH_SEARCH_PATHS = (
					"$(inherited)",
					"@executable_path/Frameworks",
					"@loader_path/Frameworks",
				);
				PRODUCT_BUNDLE_IDENTIFIER = "com.www.baimi.---------UITests";
				PRODUCT_NAME = "$(TARGET_NAME)";
				SWIFT_VERSION = 4.0;
				TARGETED_DEVICE_FAMILY = "1,2";
				TEST_TARGET_NAME = "选择排序和冒泡排序";
			};
			name = Debug;
		};
		A7F390E2211EDD0F00E3AD0A /* Release */ = {
			isa = XCBuildConfiguration;
			buildSettings = {
				ALWAYS_EMBED_SWIFT_STANDARD_LIBRARIES = YES;
				CODE_SIGN_STYLE = Automatic;
				DEVELOPMENT_TEAM = 7HJ4JEE2L9;
				INFOPLIST_FILE = "选择排序和冒泡排序UITests/Info.plist";
				LD_RUNPATH_SEARCH_PATHS = (
					"$(inherited)",
					"@executable_path/Frameworks",
					"@loader_path/Frameworks",
				);
				PRODUCT_BUNDLE_IDENTIFIER = "com.www.baimi.---------UITests";
				PRODUCT_NAME = "$(TARGET_NAME)";
				SWIFT_VERSION = 4.0;
				TARGETED_DEVICE_FAMILY = "1,2";
				TEST_TARGET_NAME = "选择排序和冒泡排序";
			};
			name = Release;
		};
/* End XCBuildConfiguration section */

/* Begin XCConfigurationList section */
		A7F390AD211EDD0500E3AD0A /* Build configuration list for PBXProject "选择排序和冒泡排序" */ = {
			isa = XCConfigurationList;
			buildConfigurations = (
				A7F390D8211EDD0F00E3AD0A /* Debug */,
				A7F390D9211EDD0F00E3AD0A /* Release */,
			);
			defaultConfigurationIsVisible = 0;
			defaultConfigurationName = Release;
		};
		A7F390DA211EDD0F00E3AD0A /* Build configuration list for PBXNativeTarget "选择排序和冒泡排序" */ = {
			isa = XCConfigurationList;
			buildConfigurations = (
				A7F390DB211EDD0F00E3AD0A /* Debug */,
				A7F390DC211EDD0F00E3AD0A /* Release */,
			);
			defaultConfigurationIsVisible = 0;
			defaultConfigurationName = Release;
		};
		A7F390DD211EDD0F00E3AD0A /* Build configuration list for PBXNativeTarget "选择排序和冒泡排序Tests" */ = {
			isa = XCConfigurationList;
			buildConfigurations = (
				A7F390DE211EDD0F00E3AD0A /* Debug */,
				A7F390DF211EDD0F00E3AD0A /* Release */,
			);
			defaultConfigurationIsVisible = 0;
			defaultConfigurationName = Release;
		};
		A7F390E0211EDD0F00E3AD0A /* Build configuration list for PBXNativeTarget "选择排序和冒泡排序UITests" */ = {
			isa = XCConfigurationList;
			buildConfigurations = (
				A7F390E1211EDD0F00E3AD0A /* Debug */,
				A7F390E2211EDD0F00E3AD0A /* Release */,
			);
			defaultConfigurationIsVisible = 0;
			defaultConfigurationName = Release;
		};
/* End XCConfigurationList section */
	};
	rootObject = A7F390AA211EDD0500E3AD0A /* Project object */;
}
