// !$*UTF8*$!
{
	archiveVersion = 1;
	classes = {
	};
	objectVersion = 50;
	objects = {

/* Begin PBXBuildFile section */
		A75AC457210EAA4F00CB0EE9 /* AppDelegate.swift in Sources */ = {isa = PBXBuildFile; fileRef = A75AC456210EAA4F00CB0EE9 /* AppDelegate.swift */; };
		A75AC459210EAA4F00CB0EE9 /* ViewController.swift in Sources */ = {isa = PBXBuildFile; fileRef = A75AC458210EAA4F00CB0EE9 /* ViewController.swift */; };
		A75AC45C210EAA4F00CB0EE9 /* Main.storyboard in Resources */ = {isa = PBXBuildFile; fileRef = A75AC45A210EAA4F00CB0EE9 /* Main.storyboard */; };
		A75AC45E210EAA5100CB0EE9 /* Assets.xcassets in Resources */ = {isa = PBXBuildFile; fileRef = A75AC45D210EAA5100CB0EE9 /* Assets.xcassets */; };
		A75AC461210EAA5100CB0EE9 /* LaunchScreen.storyboard in Resources */ = {isa = PBXBuildFile; fileRef = A75AC45F210EAA5100CB0EE9 /* LaunchScreen.storyboard */; };
/* End PBXBuildFile section */

/* Begin PBXFileReference section */
		A75AC453210EAA4F00CB0EE9 /* cocoaPods20180730.app */ = {isa = PBXFileReference; explicitFileType = wrapper.application; includeInIndex = 0; path = cocoaPods20180730.app; sourceTree = BUILT_PRODUCTS_DIR; };
		A75AC456210EAA4F00CB0EE9 /* AppDelegate.swift */ = {isa = PBXFileReference; lastKnownFileType = sourcecode.swift; path = AppDelegate.swift; sourceTree = "<group>"; };
		A75AC458210EAA4F00CB0EE9 /* ViewController.swift */ = {isa = PBXFileReference; lastKnownFileType = sourcecode.swift; path = ViewController.swift; sourceTree = "<group>"; };
		A75AC45B210EAA4F00CB0EE9 /* Base */ = {isa = PBXFileReference; lastKnownFileType = file.storyboard; name = Base; path = Base.lproj/Main.storyboard; sourceTree = "<group>"; };
		A75AC45D210EAA5100CB0EE9 /* Assets.xcassets */ = {isa = PBXFileReference; lastKnownFileType = folder.assetcatalog; path = Assets.xcassets; sourceTree = "<group>"; };
		A75AC460210EAA5100CB0EE9 /* Base */ = {isa = PBXFileReference; lastKnownFileType = file.storyboard; name = Base; path = Base.lproj/LaunchScreen.storyboard; sourceTree = "<group>"; };
		A75AC462210EAA5100CB0EE9 /* Info.plist */ = {isa = PBXFileReference; lastKnownFileType = text.plist.xml; path = Info.plist; sourceTree = "<group>"; };
/* End PBXFileReference section */

/* Begin PBXFrameworksBuildPhase section */
		A75AC450210EAA4F00CB0EE9 /* Frameworks */ = {
			isa = PBXFrameworksBuildPhase;
			buildActionMask = 2147483647;
			files = (
			);
			runOnlyForDeploymentPostprocessing = 0;
		};
/* End PBXFrameworksBuildPhase section */

/* Begin PBXGroup section */
		A75AC44A210EAA4F00CB0EE9 = {
			isa = PBXGroup;
			children = (
				A75AC455210EAA4F00CB0EE9 /* cocoaPods20180730 */,
				A75AC454210EAA4F00CB0EE9 /* Products */,
			);
			sourceTree = "<group>";
		};
		A75AC454210EAA4F00CB0EE9 /* Products */ = {
			isa = PBXGroup;
			children = (
				A75AC453210EAA4F00CB0EE9 /* cocoaPods20180730.app */,
			);
			name = Products;
			sourceTree = "<group>";
		};
		A75AC455210EAA4F00CB0EE9 /* cocoaPods20180730 */ = {
			isa = PBXGroup;
			children = (
				A75AC456210EAA4F00CB0EE9 /* AppDelegate.swift */,
				A75AC458210EAA4F00CB0EE9 /* ViewController.swift */,
				A75AC45A210EAA4F00CB0EE9 /* Main.storyboard */,
				A75AC45D210EAA5100CB0EE9 /* Assets.xcassets */,
				A75AC45F210EAA5100CB0EE9 /* LaunchScreen.storyboard */,
				A75AC462210EAA5100CB0EE9 /* Info.plist */,
			);
			path = cocoaPods20180730;
			sourceTree = "<group>";
		};
/* End PBXGroup section */

/* Begin PBXNativeTarget section */
		A75AC452210EAA4F00CB0EE9 /* cocoaPods20180730 */ = {
			isa = PBXNativeTarget;
			buildConfigurationList = A75AC465210EAA5100CB0EE9 /* Build configuration list for PBXNativeTarget "cocoaPods20180730" */;
			buildPhases = (
				A75AC44F210EAA4F00CB0EE9 /* Sources */,
				A75AC450210EAA4F00CB0EE9 /* Frameworks */,
				A75AC451210EAA4F00CB0EE9 /* Resources */,
			);
			buildRules = (
			);
			dependencies = (
			);
			name = cocoaPods20180730;
			productName = cocoaPods20180730;
			productReference = A75AC453210EAA4F00CB0EE9 /* cocoaPods20180730.app */;
			productType = "com.apple.product-type.application";
		};
/* End PBXNativeTarget section */

/* Begin PBXProject section */
		A75AC44B210EAA4F00CB0EE9 /* Project object */ = {
			isa = PBXProject;
			attributes = {
				LastSwiftUpdateCheck = 0940;
				LastUpgradeCheck = 0940;
				ORGANIZATIONNAME = liubang;
				TargetAttributes = {
					A75AC452210EAA4F00CB0EE9 = {
						CreatedOnToolsVersion = 9.4.1;
					};
				};
			};
			buildConfigurationList = A75AC44E210EAA4F00CB0EE9 /* Build configuration list for PBXProject "cocoaPods20180730" */;
			compatibilityVersion = "Xcode 9.3";
			developmentRegion = en;
			hasScannedForEncodings = 0;
			knownRegions = (
				en,
				Base,
			);
			mainGroup = A75AC44A210EAA4F00CB0EE9;
			productRefGroup = A75AC454210EAA4F00CB0EE9 /* Products */;
			projectDirPath = "";
			projectRoot = "";
			targets = (
				A75AC452210EAA4F00CB0EE9 /* cocoaPods20180730 */,
			);
		};
/* End PBXProject section */

/* Begin PBXResourcesBuildPhase section */
		A75AC451210EAA4F00CB0EE9 /* Resources */ = {
			isa = PBXResourcesBuildPhase;
			buildActionMask = 2147483647;
			files = (
				A75AC461210EAA5100CB0EE9 /* LaunchScreen.storyboard in Resources */,
				A75AC45E210EAA5100CB0EE9 /* Assets.xcassets in Resources */,
				A75AC45C210EAA4F00CB0EE9 /* Main.storyboard in Resources */,
			);
			runOnlyForDeploymentPostprocessing = 0;
		};
/* End PBXResourcesBuildPhase section */

/* Begin PBXSourcesBuildPhase section */
		A75AC44F210EAA4F00CB0EE9 /* Sources */ = {
			isa = PBXSourcesBuildPhase;
			buildActionMask = 2147483647;
			files = (
				A75AC459210EAA4F00CB0EE9 /* ViewController.swift in Sources */,
				A75AC457210EAA4F00CB0EE9 /* AppDelegate.swift in Sources */,
			);
			runOnlyForDeploymentPostprocessing = 0;
		};
/* End PBXSourcesBuildPhase section */

/* Begin PBXVariantGroup section */
		A75AC45A210EAA4F00CB0EE9 /* Main.storyboard */ = {
			isa = PBXVariantGroup;
			children = (
				A75AC45B210EAA4F00CB0EE9 /* Base */,
			);
			name = Main.storyboard;
			sourceTree = "<group>";
		};
		A75AC45F210EAA5100CB0EE9 /* LaunchScreen.storyboard */ = {
			isa = PBXVariantGroup;
			children = (
				A75AC460210EAA5100CB0EE9 /* Base */,
			);
			name = LaunchScreen.storyboard;
			sourceTree = "<group>";
		};
/* End PBXVariantGroup section */

/* Begin XCBuildConfiguration section */
		A75AC463210EAA5100CB0EE9 /* Debug */ = {
			isa = XCBuildConfiguration;
			buildSettings = {
				ALWAYS_SEARCH_USER_PATHS = NO;
				CLANG_ANALYZER_NONNULL = YES;
				CLANG_ANALYZER_NUMBER_OBJECT_CONVERSION = YES_AGGRESSIVE;
				CLANG_CXX_LANGUAGE_STANDARD = "gnu++14";
				CLANG_CXX_LIBRARY = "libc++";
				CLANG_ENABLE_MODULES = YES;
				CLANG_ENABLE_OBJC_ARC = YES;
				CLANG_ENABLE_OBJC_WEAK = YES;
				CLANG_WARN_BLOCK_CAPTURE_AUTORELEASING = YES;
				CLANG_WARN_BOOL_CONVERSION = YES;
				CLANG_WARN_COMMA = YES;
				CLANG_WARN_CONSTANT_CONVERSION = YES;
				CLANG_WARN_DEPRECATED_OBJC_IMPLEMENTATIONS = YES;
				CLANG_WARN_DIRECT_OBJC_ISA_USAGE = YES_ERROR;
				CLANG_WARN_DOCUMENTATION_COMMENTS = YES;
				CLANG_WARN_EMPTY_BODY = YES;
				CLANG_WARN_ENUM_CONVERSION = YES;
				CLANG_WARN_INFINITE_RECURSION = YES;
				CLANG_WARN_INT_CONVERSION = YES;
				CLANG_WARN_NON_LITERAL_NULL_CONVERSION = YES;
				CLANG_WARN_OBJC_IMPLICIT_RETAIN_SELF = YES;
				CLANG_WARN_OBJC_LITERAL_CONVERSION = YES;
				CLANG_WARN_OBJC_ROOT_CLASS = YES_ERROR;
				CLANG_WARN_RANGE_LOOP_ANALYSIS = YES;
				CLANG_WARN_STRICT_PROTOTYPES = YES;
				CLANG_WARN_SUSPICIOUS_MOVE = YES;
				CLANG_WARN_UNGUARDED_AVAILABILITY = YES_AGGRESSIVE;
				CLANG_WARN_UNREACHABLE_CODE = YES;
				CLANG_WARN__DUPLICATE_METHOD_MATCH = YES;
				CODE_SIGN_IDENTITY = "iPhone Developer";
				COPY_PHASE_STRIP = NO;
				DEBUG_INFORMATION_FORMAT = dwarf;
				ENABLE_STRICT_OBJC_MSGSEND = YES;
				ENABLE_TESTABILITY = YES;
				GCC_C_LANGUAGE_STANDARD = gnu11;
				GCC_DYNAMIC_NO_PIC = NO;
				GCC_NO_COMMON_BLOCKS = YES;
				GCC_OPTIMIZATION_LEVEL = 0;
				GCC_PREPROCESSOR_DEFINITIONS = (
					"DEBUG=1",
					"$(inherited)",
				);
				GCC_WARN_64_TO_32_BIT_CONVERSION = YES;
				GCC_WARN_ABOUT_RETURN_TYPE = YES_ERROR;
				GCC_WARN_UNDECLARED_SELECTOR = YES;
				GCC_WARN_UNINITIALIZED_AUTOS = YES_AGGRESSIVE;
				GCC_WARN_UNUSED_FUNCTION = YES;
				GCC_WARN_UNUSED_VARIABLE = YES;
				IPHONEOS_DEPLOYMENT_TARGET = 11.4;
				MTL_ENABLE_DEBUG_INFO = YES;
				ONLY_ACTIVE_ARCH = YES;
				SDKROOT = iphoneos;
				SWIFT_ACTIVE_COMPILATION_CONDITIONS = DEBUG;
				SWIFT_OPTIMIZATION_LEVEL = "-Onone";
			};
			name = Debug;
		};
		A75AC464210EAA5100CB0EE9 /* Release */ = {
			isa = XCBuildConfiguration;
			buildSettings = {
				ALWAYS_SEARCH_USER_PATHS = NO;
				CLANG_ANALYZER_NONNULL = YES;
				CLANG_ANALYZER_NUMBER_OBJECT_CONVERSION = YES_AGGRESSIVE;
				CLANG_CXX_LANGUAGE_STANDARD = "gnu++14";
				CLANG_CXX_LIBRARY = "libc++";
				CLANG_ENABLE_MODULES = YES;
				CLANG_ENABLE_OBJC_ARC = YES;
				CLANG_ENABLE_OBJC_WEAK = YES;
				CLANG_WARN_BLOCK_CAPTURE_AUTORELEASING = YES;
				CLANG_WARN_BOOL_CONVERSION = YES;
				CLANG_WARN_COMMA = YES;
				CLANG_WARN_CONSTANT_CONVERSION = YES;
				CLANG_WARN_DEPRECATED_OBJC_IMPLEMENTATIONS = YES;
				CLANG_WARN_DIRECT_OBJC_ISA_USAGE = YES_ERROR;
				CLANG_WARN_DOCUMENTATION_COMMENTS = YES;
				CLANG_WARN_EMPTY_BODY = YES;
				CLANG_WARN_ENUM_CONVERSION = YES;
				CLANG_WARN_INFINITE_RECURSION = YES;
				CLANG_WARN_INT_CONVERSION = YES;
				CLANG_WARN_NON_LITERAL_NULL_CONVERSION = YES;
				CLANG_WARN_OBJC_IMPLICIT_RETAIN_SELF = YES;
				CLANG_WARN_OBJC_LITERAL_CONVERSION = YES;
				CLANG_WARN_OBJC_ROOT_CLASS = YES_ERROR;
				CLANG_WARN_RANGE_LOOP_ANALYSIS = YES;
				CLANG_WARN_STRICT_PROTOTYPES = YES;
				CLANG_WARN_SUSPICIOUS_MOVE = YES;
				CLANG_WARN_UNGUARDED_AVAILABILITY = YES_AGGRESSIVE;
				CLANG_WARN_UNREACHABLE_CODE = YES;
				CLANG_WARN__DUPLICATE_METHOD_MATCH = YES;
				CODE_SIGN_IDENTITY = "iPhone Developer";
				COPY_PHASE_STRIP = NO;
				DEBUG_INFORMATION_FORMAT = "dwarf-with-dsym";
				ENABLE_NS_ASSERTIONS = NO;
				ENABLE_STRICT_OBJC_MSGSEND = YES;
				GCC_C_LANGUAGE_STANDARD = gnu11;
				GCC_NO_COMMON_BLOCKS = YES;
				GCC_WARN_64_TO_32_BIT_CONVERSION = YES;
				GCC_WARN_ABOUT_RETURN_TYPE = YES_ERROR;
				GCC_WARN_UNDECLARED_SELECTOR = YES;
				GCC_WARN_UNINITIALIZED_AUTOS = YES_AGGRESSIVE;
				GCC_WARN_UNUSED_FUNCTION = YES;
				GCC_WARN_UNUSED_VARIABLE = YES;
				IPHONEOS_DEPLOYMENT_TARGET = 11.4;
				MTL_ENABLE_DEBUG_INFO = NO;
				SDKROOT = iphoneos;
				SWIFT_COMPILATION_MODE = wholemodule;
				SWIFT_OPTIMIZATION_LEVEL = "-O";
				VALIDATE_PRODUCT = YES;
			};
			name = Release;
		};
		A75AC466210EAA5100CB0EE9 /* Debug */ = {
			isa = XCBuildConfiguration;
			buildSettings = {
				ASSETCATALOG_COMPILER_APPICON_NAME = AppIcon;
				CODE_SIGN_STYLE = Automatic;
				DEVELOPMENT_TEAM = 7HJ4JEE2L9;
				INFOPLIST_FILE = cocoaPods20180730/Info.plist;
				LD_RUNPATH_SEARCH_PATHS = (
					"$(inherited)",
					"@executable_path/Frameworks",
				);
				PRODUCT_BUNDLE_IDENTIFIER = com.www.baimi.cocoaPods20180730;
				PRODUCT_NAME = "$(TARGET_NAME)";
				SWIFT_VERSION = 4.0;
				TARGETED_DEVICE_FAMILY = "1,2";
			};
			name = Debug;
		};
		A75AC467210EAA5100CB0EE9 /* Release */ = {
			isa = XCBuildConfiguration;
			buildSettings = {
				ASSETCATALOG_COMPILER_APPICON_NAME = AppIcon;
				CODE_SIGN_STYLE = Automatic;
				DEVELOPMENT_TEAM = 7HJ4JEE2L9;
				INFOPLIST_FILE = cocoaPods20180730/Info.plist;
				LD_RUNPATH_SEARCH_PATHS = (
					"$(inherited)",
					"@executable_path/Frameworks",
				);
				PRODUCT_BUNDLE_IDENTIFIER = com.www.baimi.cocoaPods20180730;
				PRODUCT_NAME = "$(TARGET_NAME)";
				SWIFT_VERSION = 4.0;
				TARGETED_DEVICE_FAMILY = "1,2";
			};
			name = Release;
		};
/* End XCBuildConfiguration section */

/* Begin XCConfigurationList section */
		A75AC44E210EAA4F00CB0EE9 /* Build configuration list for PBXProject "cocoaPods20180730" */ = {
			isa = XCConfigurationList;
			buildConfigurations = (
				A75AC463210EAA5100CB0EE9 /* Debug */,
				A75AC464210EAA5100CB0EE9 /* Release */,
			);
			defaultConfigurationIsVisible = 0;
			defaultConfigurationName = Release;
		};
		A75AC465210EAA5100CB0EE9 /* Build configuration list for PBXNativeTarget "cocoaPods20180730" */ = {
			isa = XCConfigurationList;
			buildConfigurations = (
				A75AC466210EAA5100CB0EE9 /* Debug */,
				A75AC467210EAA5100CB0EE9 /* Release */,
			);
			defaultConfigurationIsVisible = 0;
			defaultConfigurationName = Release;
		};
/* End XCConfigurationList section */
	};
	rootObject = A75AC44B210EAA4F00CB0EE9 /* Project object */;
}
